
Microsoft Visual Studio Solution File, Format Version 12.00
# Visual Studio Version 17
VisualStudioVersion = 17.6.33815.320
MinimumVisualStudioVersion = 10.0.40219.1
Project("{FAE04EC0-301F-11D3-BF4B-00C04F79EFBC}") = "ConApp_Interfaces", "ConApp_Interfaces.csproj", "{B8970DC5-4AB7-4125-A317-F66341DF8BAB}"
EndProject
Global
	GlobalSection(SolutionConfigurationPlatforms) = preSolution
		Debug|Any CPU = Debug|Any CPU
		Release|Any CPU = Release|Any CPU
	EndGlobalSection
	GlobalSection(ProjectConfigurationPlatforms) = postSolution
		{B8970DC5-4AB7-4125-A317-F66341DF8BAB}.Debug|Any CPU.ActiveCfg = Debug|Any CPU
		{B8970DC5-4AB7-4125-A317-F66341DF8BAB}.Debug|Any CPU.Build.0 = Debug|Any CPU
		{B8970DC5-4AB7-4125-A317-F66341DF8BAB}.Release|Any CPU.ActiveCfg = Release|Any CPU
		{B8970DC5-4AB7-4125-A317-F66341DF8BAB}.Release|Any CPU.Build.0 = Release|Any CPU
	EndGlobalSection
	GlobalSection(SolutionProperties) = preSolution
		HideSolutionNode = FALSE
	EndGlobalSection
	GlobalSection(ExtensibilityGlobals) = postSolution
		SolutionGuid = {BC8B6B72-C7D0-42FA-AF6D-9BCD9F330CAD}
	EndGlobalSection
EndGlobal
